<?xml version="1.0" encoding="utf-8"?>
<Project ToolsVersion="4.0" xmlns="http://schemas.microsoft.com/developer/msbuild/2003">
  <ItemGroup>
    <Filter Include="Source Files">
      <UniqueIdentifier>{4FC737F1-C7A5-4376-A066-2A32D752A2FF}</UniqueIdentifier>
      <Extensions>cpp;c;cc;cxx;c++;cppm;ixx;def;odl;idl;hpj;bat;asm;asmx</Extensions>
    </Filter>
    <Filter Include="Header Files">
      <UniqueIdentifier>{93995380-89BD-4b04-88EB-625FBE52EBFB}</UniqueIdentifier>
      <Extensions>h;hh;hpp;hxx;h++;hm;inl;inc;ipp;xsd</Extensions>
    </Filter>
  </ItemGroup>
  <ItemGroup>
    <ClCompile Include="main.cpp">
      <Filter>Source Files</Filter>
    </ClCompile>
    <ClCompile Include="src\system\system.cpp">
      <Filter>Source Files</Filter>
    </ClCompile>
    <ClCompile Include="src\instream\instream.cpp">
      <Filter>Source Files</Filter>
    </ClCompile>
    <ClCompile Include="src\path\pathScanner.cpp">
      <Filter>Source Files</Filter>
    </ClCompile>
    <ClCompile Include="src\path\pathHandler.cpp">
      <Filter>Source Files</Filter>
    </ClCompile>
    <ClCompile Include="src\parser\instream\instrScanner.cpp">
      <Filter>Source Files</Filter>
    </ClCompile>
    <ClCompile Include="src\system\global.cpp">
      <Filter>Source Files</Filter>
    </ClCompile>
    <ClCompile Include="src\parser\processing\tokenProcessing.cpp">
      <Filter>Source Files</Filter>
    </ClCompile>
    <ClCompile Include="src\system\exceptionRef.cpp">
      <Filter>Source Files</Filter>
    </ClCompile>
    <ClCompile Include="src\utilities\typeUtil.cpp">
      <Filter>Source Files</Filter>
    </ClCompile>
    <ClCompile Include="src\filesystem\file.cpp">
      <Filter>Source Files</Filter>
    </ClCompile>
    <ClCompile Include="src\filesystem\fileFormating.cpp">
      <Filter>Source Files</Filter>
    </ClCompile>
  </ItemGroup>
  <ItemGroup>
    <ClInclude Include="src\system\system.h">
      <Filter>Header Files</Filter>
    </ClInclude>
    <ClInclude Include="src\outstream\outputColor.h">
      <Filter>Header Files</Filter>
    </ClInclude>
    <ClInclude Include="src\system\systemException.h">
      <Filter>Header Files</Filter>
    </ClInclude>
    <ClInclude Include="src\outstream\outputControl.h">
      <Filter>Header Files</Filter>
    </ClInclude>
    <ClInclude Include="src\instream\instream.h">
      <Filter>Header Files</Filter>
    </ClInclude>
    <ClInclude Include="src\instream\instreamBuffer.h">
      <Filter>Header Files</Filter>
    </ClInclude>
    <ClInclude Include="src\instream\instreamRender.h">
      <Filter>Header Files</Filter>
    </ClInclude>
    <ClInclude Include="src\system\windowsSystem.h">
      <Filter>Header Files</Filter>
    </ClInclude>
    <ClInclude Include="src\utilities\stringUtil.h">
      <Filter>Header Files</Filter>
    </ClInclude>
    <ClInclude Include="src\filesystem\file.h">
      <Filter>Header Files</Filter>
    </ClInclude>
    <ClInclude Include="src\path\pathHandler.h">
      <Filter>Header Files</Filter>
    </ClInclude>
    <ClInclude Include="src\path\pathScanner.h">
      <Filter>Header Files</Filter>
    </ClInclude>
    <ClInclude Include="src\path\pathToken.h">
      <Filter>Header Files</Filter>
    </ClInclude>
    <ClInclude Include="src\instream\instreamListBuffer.h">
      <Filter>Header Files</Filter>
    </ClInclude>
    <ClInclude Include="src\parser\instream\token.h">
      <Filter>Header Files</Filter>
    </ClInclude>
    <ClInclude Include="src\parser\expression\expr.h">
      <Filter>Header Files</Filter>
    </ClInclude>
    <ClInclude Include="src\parser\expression\type.h">
      <Filter>Header Files</Filter>
    </ClInclude>
    <ClInclude Include="src\parser\instream\instrScanner.h">
      <Filter>Header Files</Filter>
    </ClInclude>
    <ClInclude Include="src\parser\expression\exprASTPrinter.h">
      <Filter>Header Files</Filter>
    </ClInclude>
    <ClInclude Include="src\utilities\typeUtil.h">
      <Filter>Header Files</Filter>
    </ClInclude>
    <ClInclude Include="src\parser\expression\exprParser.h">
      <Filter>Header Files</Filter>
    </ClInclude>
    <ClInclude Include="src\base\scannerBase.h">
      <Filter>Header Files</Filter>
    </ClInclude>
    <ClInclude Include="src\system\exceptionReference.h">
      <Filter>Header Files</Filter>
    </ClInclude>
    <ClInclude Include="src\system\global.h">
      <Filter>Header Files</Filter>
    </ClInclude>
    <ClInclude Include="src\environment\environment.h">
      <Filter>Header Files</Filter>
    </ClInclude>
    <ClInclude Include="src\environment\identifier.h">
      <Filter>Header Files</Filter>
    </ClInclude>
    <ClInclude Include="src\outstream\colorStructure.h">
      <Filter>Header Files</Filter>
    </ClInclude>
    <ClInclude Include="src\parser\processing\tokenProcessing.h">
      <Filter>Header Files</Filter>
    </ClInclude>
    <ClInclude Include="src\parser\color\colorParser.h">
      <Filter>Header Files</Filter>
    </ClInclude>
    <ClInclude Include="src\utilities\vectorUtil.h">
      <Filter>Header Files</Filter>
    </ClInclude>
    <ClInclude Include="src\parser\expression\exprInterpreter.h">
      <Filter>Header Files</Filter>
    </ClInclude>
    <ClInclude Include="src\utilities\globalUtil.h">
      <Filter>Header Files</Filter>
    </ClInclude>
    <ClInclude Include="src\commands\cmdsDef.h">
      <Filter>Header Files</Filter>
    </ClInclude>
    <ClInclude Include="src\commands\argList.h">
      <Filter>Header Files</Filter>
    </ClInclude>
    <ClInclude Include="src\commands\paramList.h">
      <Filter>Header Files</Filter>
    </ClInclude>
    <ClInclude Include="src\base\commandBaseCore.h">
      <Filter>Header Files</Filter>
    </ClInclude>
    <ClInclude Include="src\utilities\cmdUtil.h">
      <Filter>Header Files</Filter>
    </ClInclude>
    <ClInclude Include="src\utilities\opUtil.h">
      <Filter>Header Files</Filter>
    </ClInclude>
    <ClInclude Include="src\utilities\objUtil.h">
      <Filter>Header Files</Filter>
    </ClInclude>
    <ClInclude Include="src\filesystem\fileFormatting.h">
      <Filter>Header Files</Filter>
    </ClInclude>
  </ItemGroup>
</Project>