<?xml version="1.0" encoding="utf-8"?>
<Project ToolsVersion="4.0" xmlns="http://schemas.microsoft.com/developer/msbuild/2003">
  <ItemGroup>
    <Filter Include="Source Files">
      <UniqueIdentifier>{4FC737F1-C7A5-4376-A066-2A32D752A2FF}</UniqueIdentifier>
      <Extensions>cpp;c;cc;cxx;c++;cppm;ixx;def;odl;idl;hpj;bat;asm;asmx</Extensions>
    </Filter>
    <Filter Include="Header Files">
      <UniqueIdentifier>{93995380-89BD-4b04-88EB-625FBE52EBFB}</UniqueIdentifier>
      <Extensions>h;hh;hpp;hxx;h++;hm;inl;inc;ipp;xsd</Extensions>
    </Filter>
  </ItemGroup>
  <ItemGroup>
    <ClCompile Include="main.cpp">
      <Filter>Source Files</Filter>
    </ClCompile>
    <ClCompile Include="src\system\system.cpp">
      <Filter>Source Files</Filter>
    </ClCompile>
    <ClCompile Include="src\commands\definition\filesystem_help.cpp">
      <Filter>Source Files</Filter>
    </ClCompile>
    <ClCompile Include="src\commands\definition\list_help.cpp">
      <Filter>Source Files</Filter>
    </ClCompile>
    <ClCompile Include="src\commands\definition\system_help.cpp">
      <Filter>Source Files</Filter>
    </ClCompile>
    <ClCompile Include="src\commands\definition\literal_help.cpp">
      <Filter>Source Files</Filter>
    </ClCompile>
    <ClCompile Include="src\commands\definition\object_help.cpp">
      <Filter>Source Files</Filter>
    </ClCompile>
    <ClCompile Include="src\commands\definition\regex_help.cpp">
      <Filter>Source Files</Filter>
    </ClCompile>
    <ClCompile Include="src\commands\definition\type_help.cpp">
      <Filter>Source Files</Filter>
    </ClCompile>
    <ClCompile Include="src\commands\definition\number_type.cpp">
      <Filter>Source Files</Filter>
    </ClCompile>
    <ClCompile Include="src\filesystem\formating\formating.cpp">
      <Filter>Source Files</Filter>
    </ClCompile>
    <ClCompile Include="src\instream\input\instream.cpp">
      <Filter>Source Files</Filter>
    </ClCompile>
    <ClCompile Include="src\color\parser\color_parser.cpp">
      <Filter>Source Files</Filter>
    </ClCompile>
    <ClCompile Include="src\instream\scanner\instream_scanner.cpp">
      <Filter>Source Files</Filter>
    </ClCompile>
    <ClCompile Include="src\parser\processing\token\token_processing.cpp">
      <Filter>Source Files</Filter>
    </ClCompile>
    <ClCompile Include="src\path\handler\path_handler.cpp">
      <Filter>Source Files</Filter>
    </ClCompile>
    <ClCompile Include="src\path\scanner\path_scanner.cpp">
      <Filter>Source Files</Filter>
    </ClCompile>
    <ClCompile Include="src\system\exception\exception_reference.cpp">
      <Filter>Source Files</Filter>
    </ClCompile>
    <ClCompile Include="src\system\global\global.cpp">
      <Filter>Source Files</Filter>
    </ClCompile>
    <ClCompile Include="src\filesystem\handle\file.cpp">
      <Filter>Source Files</Filter>
    </ClCompile>
    <ClCompile Include="src\system\exception\system_exception.cpp">
      <Filter>Source Files</Filter>
    </ClCompile>
    <ClCompile Include="src\algorithm\string\manip.cpp">
      <Filter>Source Files</Filter>
    </ClCompile>
    <ClCompile Include="src\algorithm\vector\sort.cpp">
      <Filter>Source Files</Filter>
    </ClCompile>
    <ClCompile Include="src\data\litvalue\type.cpp">
      <Filter>Source Files</Filter>
    </ClCompile>
    <ClCompile Include="src\color\structure\color_structure.cpp">
      <Filter>Source Files</Filter>
    </ClCompile>
    <ClCompile Include="src\commands\cmdcore\args.cpp">
      <Filter>Source Files</Filter>
    </ClCompile>
    <ClCompile Include="src\commands\cmdcore\cmd.cpp">
      <Filter>Source Files</Filter>
    </ClCompile>
    <ClCompile Include="src\commands\cmdcore\help_data.cpp">
      <Filter>Source Files</Filter>
    </ClCompile>
    <ClCompile Include="src\data\litvalue\litformat.cpp">
      <Filter>Source Files</Filter>
    </ClCompile>
    <ClCompile Include="src\data\litvalue\obj_predef.cpp">
      <Filter>Source Files</Filter>
    </ClCompile>
    <ClCompile Include="src\environment\identifier\idformat.cpp">
      <Filter>Source Files</Filter>
    </ClCompile>
    <ClCompile Include="src\expression\interpreter\expr_interpreter.cpp">
      <Filter>Source Files</Filter>
    </ClCompile>
    <ClCompile Include="src\expression\parser\expr_parser.cpp">
      <Filter>Source Files</Filter>
    </ClCompile>
    <ClCompile Include="src\instream\input\render.cpp">
      <Filter>Source Files</Filter>
    </ClCompile>
    <ClCompile Include="src\instream\input\search_list.cpp">
      <Filter>Source Files</Filter>
    </ClCompile>
    <ClCompile Include="src\outstream\color\color_chars.cpp">
      <Filter>Source Files</Filter>
    </ClCompile>
    <ClCompile Include="src\outstream\control\outformat.cpp">
      <Filter>Source Files</Filter>
    </ClCompile>
    <ClCompile Include="src\system\settings\option_format.cpp">
      <Filter>Source Files</Filter>
    </ClCompile>
  </ItemGroup>
  <ItemGroup>
    <ClInclude Include="src\system\system.h">
      <Filter>Header Files</Filter>
    </ClInclude>
    <ClInclude Include="src\base\scanner_base.h">
      <Filter>Header Files</Filter>
    </ClInclude>
    <ClInclude Include="src\environment\environment.h">
      <Filter>Header Files</Filter>
    </ClInclude>
    <ClInclude Include="src\commands\definition\def.h">
      <Filter>Header Files</Filter>
    </ClInclude>
    <ClInclude Include="src\base\command_base_core.h">
      <Filter>Header Files</Filter>
    </ClInclude>
    <ClInclude Include="src\commands\definition\system.h">
      <Filter>Header Files</Filter>
    </ClInclude>
    <ClInclude Include="src\commands\definition\cmds.h">
      <Filter>Header Files</Filter>
    </ClInclude>
    <ClInclude Include="src\commands\definition\filesystem.h">
      <Filter>Header Files</Filter>
    </ClInclude>
    <ClInclude Include="src\commands\definition\literal.h">
      <Filter>Header Files</Filter>
    </ClInclude>
    <ClInclude Include="src\commands\definition\list.h">
      <Filter>Header Files</Filter>
    </ClInclude>
    <ClInclude Include="src\commands\definition\object.h">
      <Filter>Header Files</Filter>
    </ClInclude>
    <ClInclude Include="src\commands\definition\type.h">
      <Filter>Header Files</Filter>
    </ClInclude>
    <ClInclude Include="src\commands\definition\number.h">
      <Filter>Header Files</Filter>
    </ClInclude>
    <ClInclude Include="src\commands\definition\regex.h">
      <Filter>Header Files</Filter>
    </ClInclude>
    <ClInclude Include="src\filesystem\formating\formating.h">
      <Filter>Header Files</Filter>
    </ClInclude>
    <ClInclude Include="src\instream\input\instream.h">
      <Filter>Header Files</Filter>
    </ClInclude>
    <ClInclude Include="src\instream\input\buffer.h">
      <Filter>Header Files</Filter>
    </ClInclude>
    <ClInclude Include="src\instream\input\list_buffer.h">
      <Filter>Header Files</Filter>
    </ClInclude>
    <ClInclude Include="src\instream\input\render.h">
      <Filter>Header Files</Filter>
    </ClInclude>
    <ClInclude Include="src\instream\input\search_list.h">
      <Filter>Header Files</Filter>
    </ClInclude>
    <ClInclude Include="src\color\structure\color_structure.h">
      <Filter>Header Files</Filter>
    </ClInclude>
    <ClInclude Include="src\outstream\color\color_chars.h">
      <Filter>Header Files</Filter>
    </ClInclude>
    <ClInclude Include="src\outstream\control\control_chars.h">
      <Filter>Header Files</Filter>
    </ClInclude>
    <ClInclude Include="src\color\parser\color_parser.h">
      <Filter>Header Files</Filter>
    </ClInclude>
    <ClInclude Include="src\expression\expr.h">
      <Filter>Header Files</Filter>
    </ClInclude>
    <ClInclude Include="src\expression\AST\expr_ast_printer.h">
      <Filter>Header Files</Filter>
    </ClInclude>
    <ClInclude Include="src\expression\parser\expr_parser.h">
      <Filter>Header Files</Filter>
    </ClInclude>
    <ClInclude Include="src\expression\interpreter\expr_interpreter.h">
      <Filter>Header Files</Filter>
    </ClInclude>
    <ClInclude Include="src\instream\scanner\instream_scanner.h">
      <Filter>Header Files</Filter>
    </ClInclude>
    <ClInclude Include="src\instream\scanner\instream_token.h">
      <Filter>Header Files</Filter>
    </ClInclude>
    <ClInclude Include="src\parser\processing\token\token_processing.h">
      <Filter>Header Files</Filter>
    </ClInclude>
    <ClInclude Include="src\path\handler\path_handler.h">
      <Filter>Header Files</Filter>
    </ClInclude>
    <ClInclude Include="src\path\scanner\path_scanner.h">
      <Filter>Header Files</Filter>
    </ClInclude>
    <ClInclude Include="src\path\scanner\path_token.h">
      <Filter>Header Files</Filter>
    </ClInclude>
    <ClInclude Include="src\system\exception\exception_reference.h">
      <Filter>Header Files</Filter>
    </ClInclude>
    <ClInclude Include="src\system\global\global.h">
      <Filter>Header Files</Filter>
    </ClInclude>
    <ClInclude Include="src\system\exception\system_exception.h">
      <Filter>Header Files</Filter>
    </ClInclude>
    <ClInclude Include="src\system\windows\windows_system.h">
      <Filter>Header Files</Filter>
    </ClInclude>
    <ClInclude Include="src\filesystem\handle\file.h">
      <Filter>Header Files</Filter>
    </ClInclude>
    <ClInclude Include="src\algorithm\string\char.h">
      <Filter>Header Files</Filter>
    </ClInclude>
    <ClInclude Include="src\algorithm\string\manip.h">
      <Filter>Header Files</Filter>
    </ClInclude>
    <ClInclude Include="src\algorithm\vector\item.h">
      <Filter>Header Files</Filter>
    </ClInclude>
    <ClInclude Include="src\algorithm\vector\sort.h">
      <Filter>Header Files</Filter>
    </ClInclude>
    <ClInclude Include="src\system\global\typedecl.h">
      <Filter>Header Files</Filter>
    </ClInclude>
    <ClInclude Include="src\data\litvalue\type.h">
      <Filter>Header Files</Filter>
    </ClInclude>
    <ClInclude Include="src\data\litvalue\checking.h">
      <Filter>Header Files</Filter>
    </ClInclude>
    <ClInclude Include="src\algorithm\bit\operations.h">
      <Filter>Header Files</Filter>
    </ClInclude>
    <ClInclude Include="src\algorithm\regex\match.h">
      <Filter>Header Files</Filter>
    </ClInclude>
    <ClInclude Include="src\commands\cmdcore\args.h">
      <Filter>Header Files</Filter>
    </ClInclude>
    <ClInclude Include="src\commands\cmdcore\cmd.h">
      <Filter>Header Files</Filter>
    </ClInclude>
    <ClInclude Include="src\commands\cmdcore\flags.h">
      <Filter>Header Files</Filter>
    </ClInclude>
    <ClInclude Include="src\commands\cmdcore\help_data.h">
      <Filter>Header Files</Filter>
    </ClInclude>
    <ClInclude Include="src\commands\cmdcore\params.h">
      <Filter>Header Files</Filter>
    </ClInclude>
    <ClInclude Include="src\data\litvalue\litformat.h">
      <Filter>Header Files</Filter>
    </ClInclude>
    <ClInclude Include="src\data\litvalue\obj_predef.h">
      <Filter>Header Files</Filter>
    </ClInclude>
    <ClInclude Include="src\environment\identifier\idformat.h">
      <Filter>Header Files</Filter>
    </ClInclude>
    <ClInclude Include="src\environment\identifier\identifier.h">
      <Filter>Header Files</Filter>
    </ClInclude>
    <ClInclude Include="src\outstream\control\outformat.h">
      <Filter>Header Files</Filter>
    </ClInclude>
    <ClInclude Include="src\system\settings\option.h">
      <Filter>Header Files</Filter>
    </ClInclude>
    <ClInclude Include="src\system\settings\option_format.h">
      <Filter>Header Files</Filter>
    </ClInclude>
    <ClInclude Include="src\system\settings\settings.h">
      <Filter>Header Files</Filter>
    </ClInclude>
    <ClInclude Include="src\system\settings\option_callback_def.h">
      <Filter>Header Files</Filter>
    </ClInclude>
  </ItemGroup>
  <ItemGroup>
    <None Include="Makefile" />
  </ItemGroup>
</Project>